
Microsoft Visual Studio Solution File, Format Version 12.00
# Visual Studio Version 17
VisualStudioVersion = 17.4.33122.133
MinimumVisualStudioVersion = 10.0.40219.1
Project("{FAE04EC0-301F-11D3-BF4B-00C04F79EFBC}") = "Spline3Lib", "Spline3Lib\Spline3Lib.csproj", "{E4961300-6539-49AA-AE4A-64DA795F752A}"
EndProject
Project("{FAE04EC0-301F-11D3-BF4B-00C04F79EFBC}") = "Spline3", "Spline3\Spline3.csproj", "{4FD77A2E-28EF-4E01-93FE-76243C15B274}"
EndProject
Global
	GlobalSection(SolutionConfigurationPlatforms) = preSolution
		Debug|Any CPU = Debug|Any CPU
		Release|Any CPU = Release|Any CPU
	EndGlobalSection
	GlobalSection(ProjectConfigurationPlatforms) = postSolution
		{E4961300-6539-49AA-AE4A-64DA795F752A}.Debug|Any CPU.ActiveCfg = Debug|Any CPU
		{E4961300-6539-49AA-AE4A-64DA795F752A}.Debug|Any CPU.Build.0 = Debug|Any CPU
		{E4961300-6539-49AA-AE4A-64DA795F752A}.Release|Any CPU.ActiveCfg = Release|Any CPU
		{E4961300-6539-49AA-AE4A-64DA795F752A}.Release|Any CPU.Build.0 = Release|Any CPU
		{4FD77A2E-28EF-4E01-93FE-76243C15B274}.Debug|Any CPU.ActiveCfg = Debug|Any CPU
		{4FD77A2E-28EF-4E01-93FE-76243C15B274}.Debug|Any CPU.Build.0 = Debug|Any CPU
		{4FD77A2E-28EF-4E01-93FE-76243C15B274}.Release|Any CPU.ActiveCfg = Release|Any CPU
		{4FD77A2E-28EF-4E01-93FE-76243C15B274}.Release|Any CPU.Build.0 = Release|Any CPU
	EndGlobalSection
	GlobalSection(SolutionProperties) = preSolution
		HideSolutionNode = FALSE
	EndGlobalSection
	GlobalSection(ExtensibilityGlobals) = postSolution
		SolutionGuid = {6EBB9779-F0E8-49D1-B547-5381EF99CED2}
	EndGlobalSection
EndGlobal
